// !$*UTF8*$!
{
	archiveVersion = 1;
	classes = {
	};
	objectVersion = 46;
	objects = {

/* Begin PBXBuildFile section */
		13373FB6145B664E00CF3915 /* UIKit.framework in Frameworks */ = {isa = PBXBuildFile; fileRef = 13373FB5145B664E00CF3915 /* UIKit.framework */; };
		13373FB8145B664E00CF3915 /* Foundation.framework in Frameworks */ = {isa = PBXBuildFile; fileRef = 13373FB7145B664E00CF3915 /* Foundation.framework */; };
		13373FBA145B664E00CF3915 /* CoreGraphics.framework in Frameworks */ = {isa = PBXBuildFile; fileRef = 13373FB9145B664E00CF3915 /* CoreGraphics.framework */; };
		13373FC0145B664E00CF3915 /* InfoPlist.strings in Resources */ = {isa = PBXBuildFile; fileRef = 13373FBE145B664E00CF3915 /* InfoPlist.strings */; };
		13373FC2145B664E00CF3915 /* main.m in Sources */ = {isa = PBXBuildFile; fileRef = 13373FC1145B664E00CF3915 /* main.m */; };
		13373FC6145B664E00CF3915 /* urboretumAppDelegate.m in Sources */ = {isa = PBXBuildFile; fileRef = 13373FC5145B664E00CF3915 /* urboretumAppDelegate.m */; };
		13373FC9145B664E00CF3915 /* MainWindow.xib in Resources */ = {isa = PBXBuildFile; fileRef = 13373FC7145B664E00CF3915 /* MainWindow.xib */; };
		13373FCC145B664E00CF3915 /* RootViewController.m in Sources */ = {isa = PBXBuildFile; fileRef = 13373FCB145B664E00CF3915 /* RootViewController.m */; };
		13373FCF145B664F00CF3915 /* RootViewController.xib in Resources */ = {isa = PBXBuildFile; fileRef = 13373FCD145B664F00CF3915 /* RootViewController.xib */; };
/* End PBXBuildFile section */

/* Begin PBXFileReference section */
		13373FB1145B664E00CF3915 /* urboretum.app */ = {isa = PBXFileReference; explicitFileType = wrapper.application; includeInIndex = 0; path = urboretum.app; sourceTree = BUILT_PRODUCTS_DIR; };
		13373FB5145B664E00CF3915 /* UIKit.framework */ = {isa = PBXFileReference; lastKnownFileType = wrapper.framework; name = UIKit.framework; path = System/Library/Frameworks/UIKit.framework; sourceTree = SDKROOT; };
		13373FB7145B664E00CF3915 /* Foundation.framework */ = {isa = PBXFileReference; lastKnownFileType = wrapper.framework; name = Foundation.framework; path = System/Library/Frameworks/Foundation.framework; sourceTree = SDKROOT; };
		13373FB9145B664E00CF3915 /* CoreGraphics.framework */ = {isa = PBXFileReference; lastKnownFileType = wrapper.framework; name = CoreGraphics.framework; path = System/Library/Frameworks/CoreGraphics.framework; sourceTree = SDKROOT; };
		13373FBD145B664E00CF3915 /* urboretum-Info.plist */ = {isa = PBXFileReference; path = "urboretum-Info.plist"; sourceTree = "<group>"; };
		13373FBF145B664E00CF3915 /* en */ = {isa = PBXFileReference; lastKnownFileType = text.plist.strings; name = en; path = en.lproj/InfoPlist.strings; sourceTree = "<group>"; };
		13373FC1145B664E00CF3915 /* main.m */ = {isa = PBXFileReference; lastKnownFileType = sourcecode.c.objc; path = main.m; sourceTree = "<group>"; };
		13373FC3145B664E00CF3915 /* urboretum-Prefix.pch */ = {isa = PBXFileReference; path = "urboretum-Prefix.pch"; sourceTree = "<group>"; };
		13373FC4145B664E00CF3915 /* urboretumAppDelegate.h */ = {isa = PBXFileReference; path = urboretumAppDelegate.h; sourceTree = "<group>"; };
		13373FC5145B664E00CF3915 /* urboretumAppDelegate.m */ = {isa = PBXFileReference; lastKnownFileType = sourcecode.c.objc; path = urboretumAppDelegate.m; sourceTree = "<group>"; };
		13373FC8145B664E00CF3915 /* en */ = {isa = PBXFileReference; lastKnownFileType = file.xib; name = en; path = en.lproj/MainWindow.xib; sourceTree = "<group>"; };
		13373FCA145B664E00CF3915 /* RootViewController.h */ = {isa = PBXFileReference; path = RootViewController.h; sourceTree = "<group>"; };
		13373FCB145B664E00CF3915 /* RootViewController.m */ = {isa = PBXFileReference; lastKnownFileType = sourcecode.c.objc; path = RootViewController.m; sourceTree = "<group>"; };
		13373FCE145B664F00CF3915 /* en */ = {isa = PBXFileReference; lastKnownFileType = file.xib; name = en; path = en.lproj/RootViewController.xib; sourceTree = "<group>"; };
/* End PBXFileReference section */

/* Begin PBXFrameworksBuildPhase section */
		13373FAE145B664E00CF3915 /* Frameworks */ = {
			isa = PBXFrameworksBuildPhase;
			buildActionMask = 2147483647;
			files = (
				13373FB6145B664E00CF3915 /* UIKit.framework in Frameworks */,
				13373FB8145B664E00CF3915 /* Foundation.framework in Frameworks */,
				13373FBA145B664E00CF3915 /* CoreGraphics.framework in Frameworks */,
			);
			runOnlyForDeploymentPostprocessing = 0;
		};
/* End PBXFrameworksBuildPhase section */

/* Begin PBXGroup section */
		13373FA6145B664C00CF3915 = {
			isa = PBXGroup;
			children = (
				13373FBB145B664E00CF3915 /* urboretum */,
				13373FB4145B664E00CF3915 /* Frameworks */,
				13373FB2145B664E00CF3915 /* Products */,
			);
			sourceTree = "<group>";
		};
		13373FB2145B664E00CF3915 /* Products */ = {
			isa = PBXGroup;
			children = (
				13373FB1145B664E00CF3915 /* urboretum.app */,
			);
			name = Products;
			sourceTree = "<group>";
		};
		13373FB4145B664E00CF3915 /* Frameworks */ = {
			isa = PBXGroup;
			children = (
				13373FB5145B664E00CF3915 /* UIKit.framework */,
				13373FB7145B664E00CF3915 /* Foundation.framework */,
				13373FB9145B664E00CF3915 /* CoreGraphics.framework */,
			);
			name = Frameworks;
			sourceTree = "<group>";
		};
		13373FBB145B664E00CF3915 /* urboretum */ = {
			isa = PBXGroup;
			children = (
				13373FC4145B664E00CF3915 /* urboretumAppDelegate.h */,
				13373FC5145B664E00CF3915 /* urboretumAppDelegate.m */,
				13373FC7145B664E00CF3915 /* MainWindow.xib */,
				13373FCA145B664E00CF3915 /* RootViewController.h */,
				13373FCB145B664E00CF3915 /* RootViewController.m */,
				13373FCD145B664F00CF3915 /* RootViewController.xib */,
				13373FBC145B664E00CF3915 /* Supporting Files */,
			);
			path = urboretum;
			sourceTree = "<group>";
		};
		13373FBC145B664E00CF3915 /* Supporting Files */ = {
			isa = PBXGroup;
			children = (
				13373FBD145B664E00CF3915 /* urboretum-Info.plist */,
				13373FBE145B664E00CF3915 /* InfoPlist.strings */,
				13373FC1145B664E00CF3915 /* main.m */,
				13373FC3145B664E00CF3915 /* urboretum-Prefix.pch */,
			);
			name = "Supporting Files";
			sourceTree = "<group>";
		};
/* End PBXGroup section */

/* Begin PBXNativeTarget section */
		13373FB0145B664E00CF3915 /* urboretum */ = {
			isa = PBXNativeTarget;
			buildConfigurationList = 13373FD2145B664F00CF3915 /* Build configuration list for PBXNativeTarget "urboretum" */;
			buildPhases = (
				13373FAD145B664E00CF3915 /* Sources */,
				13373FAE145B664E00CF3915 /* Frameworks */,
				13373FAF145B664E00CF3915 /* Resources */,
			);
			buildRules = (
			);
			dependencies = (
			);
			name = urboretum;
			productName = urboretum;
			productReference = 13373FB1145B664E00CF3915 /* urboretum.app */;
			productType = "com.apple.product-type.application";
		};
/* End PBXNativeTarget section */

/* Begin PBXProject section */
		13373FA8145B664C00CF3915 /* Project object */ = {
			isa = PBXProject;
			buildConfigurationList = 13373FAB145B664C00CF3915 /* Build configuration list for PBXProject "urboretum" */;
			compatibilityVersion = "Xcode 3.2";
			developmentRegion = English;
			hasScannedForEncodings = 0;
			knownRegions = (
				en,
			);
			mainGroup = 13373FA6145B664C00CF3915;
			productRefGroup = 13373FB2145B664E00CF3915 /* Products */;
			projectDirPath = "";
			projectRoot = "";
			targets = (
				13373FB0145B664E00CF3915 /* urboretum */,
			);
		};
/* End PBXProject section */

/* Begin PBXResourcesBuildPhase section */
		13373FAF145B664E00CF3915 /* Resources */ = {
			isa = PBXResourcesBuildPhase;
			buildActionMask = 2147483647;
			files = (
				13373FC0145B664E00CF3915 /* InfoPlist.strings in Resources */,
				13373FC9145B664E00CF3915 /* MainWindow.xib in Resources */,
				13373FCF145B664F00CF3915 /* RootViewController.xib in Resources */,
			);
			runOnlyForDeploymentPostprocessing = 0;
		};
/* End PBXResourcesBuildPhase section */

/* Begin PBXSourcesBuildPhase section */
		13373FAD145B664E00CF3915 /* Sources */ = {
			isa = PBXSourcesBuildPhase;
			buildActionMask = 2147483647;
			files = (
				13373FC2145B664E00CF3915 /* main.m in Sources */,
				13373FC6145B664E00CF3915 /* urboretumAppDelegate.m in Sources */,
				13373FCC145B664E00CF3915 /* RootViewController.m in Sources */,
			);
			runOnlyForDeploymentPostprocessing = 0;
		};
/* End PBXSourcesBuildPhase section */

/* Begin PBXVariantGroup section */
		13373FBE145B664E00CF3915 /* InfoPlist.strings */ = {
			isa = PBXVariantGroup;
			children = (
				13373FBF145B664E00CF3915 /* en */,
			);
			name = InfoPlist.strings;
			sourceTree = "<group>";
		};
		13373FC7145B664E00CF3915 /* MainWindow.xib */ = {
			isa = PBXVariantGroup;
			children = (
				13373FC8145B664E00CF3915 /* en */,
			);
			name = MainWindow.xib;
			sourceTree = "<group>";
		};
		13373FCD145B664F00CF3915 /* RootViewController.xib */ = {
			isa = PBXVariantGroup;
			children = (
				13373FCE145B664F00CF3915 /* en */,
			);
			name = RootViewController.xib;
			sourceTree = "<group>";
		};
/* End PBXVariantGroup section */

/* Begin XCBuildConfiguration section */
		13373FD0145B664F00CF3915 /* Debug */ = {
			isa = XCBuildConfiguration;
			buildSettings = {
				ALWAYS_SEARCH_USER_PATHS = NO;
				ARCHS = "$(ARCHS_STANDARD_32_BIT)";
				"CODE_SIGN_IDENTITY[sdk=iphoneos*]" = "iPhone Developer";
				COPY_PHASE_STRIP = NO;
				GCC_C_LANGUAGE_STANDARD = gnu99;
				GCC_DYNAMIC_NO_PIC = NO;
				GCC_OPTIMIZATION_LEVEL = 0;
				GCC_PREPROCESSOR_DEFINITIONS = (
					"DEBUG=1",
					"$(inherited)",
				);
				GCC_SYMBOLS_PRIVATE_EXTERN = NO;
				GCC_VERSION = com.apple.compilers.llvmgcc42;
				GCC_WARN_ABOUT_MISSING_PROTOTYPES = YES;
				GCC_WARN_ABOUT_RETURN_TYPE = YES;
				GCC_WARN_UNUSED_VARIABLE = YES;
				IPHONEOS_DEPLOYMENT_TARGET = 4.3;
				SDKROOT = iphoneos;
			};
			name = Debug;
		};
		13373FD1145B664F00CF3915 /* Release */ = {
			isa = XCBuildConfiguration;
			buildSettings = {
				ALWAYS_SEARCH_USER_PATHS = NO;
				ARCHS = "$(ARCHS_STANDARD_32_BIT)";
				"CODE_SIGN_IDENTITY[sdk=iphoneos*]" = "iPhone Developer";
				COPY_PHASE_STRIP = YES;
				GCC_C_LANGUAGE_STANDARD = gnu99;
				GCC_VERSION = com.apple.compilers.llvmgcc42;
				GCC_WARN_ABOUT_MISSING_PROTOTYPES = YES;
				GCC_WARN_ABOUT_RETURN_TYPE = YES;
				GCC_WARN_UNUSED_VARIABLE = YES;
				IPHONEOS_DEPLOYMENT_TARGET = 4.3;
				OTHER_CFLAGS = "-DNS_BLOCK_ASSERTIONS=1";
				SDKROOT = iphoneos;
				VALIDATE_PRODUCT = YES;
			};
			name = Release;
		};
		13373FD3145B664F00CF3915 /* Debug */ = {
			isa = XCBuildConfiguration;
			buildSettings = {
				GCC_PRECOMPILE_PREFIX_HEADER = YES;
				GCC_PREFIX_HEADER = "urboretum/urboretum-Prefix.pch";
				INFOPLIST_FILE = "urboretum/urboretum-Info.plist";
				PRODUCT_NAME = "$(TARGET_NAME)";
				WRAPPER_EXTENSION = app;
			};
			name = Debug;
		};
		13373FD4145B664F00CF3915 /* Release */ = {
			isa = XCBuildConfiguration;
			buildSettings = {
				GCC_PRECOMPILE_PREFIX_HEADER = YES;
				GCC_PREFIX_HEADER = "urboretum/urboretum-Prefix.pch";
				INFOPLIST_FILE = "urboretum/urboretum-Info.plist";
				PRODUCT_NAME = "$(TARGET_NAME)";
				WRAPPER_EXTENSION = app;
			};
			name = Release;
		};
/* End XCBuildConfiguration section */

/* Begin XCConfigurationList section */
		13373FAB145B664C00CF3915 /* Build configuration list for PBXProject "urboretum" */ = {
			isa = XCConfigurationList;
			buildConfigurations = (
				13373FD0145B664F00CF3915 /* Debug */,
				13373FD1145B664F00CF3915 /* Release */,
			);
			defaultConfigurationIsVisible = 0;
			defaultConfigurationName = Release;
		};
		13373FD2145B664F00CF3915 /* Build configuration list for PBXNativeTarget "urboretum" */ = {
			isa = XCConfigurationList;
			buildConfigurations = (
				13373FD3145B664F00CF3915 /* Debug */,
				13373FD4145B664F00CF3915 /* Release */,
			);
			defaultConfigurationIsVisible = 0;
		};
/* End XCConfigurationList section */
	};
	rootObject = 13373FA8145B664C00CF3915 /* Project object */;
}
